
Microsoft Visual Studio Solution File, Format Version 12.00
# Visual Studio Version 17
VisualStudioVersion = 17.11.35201.85
MinimumVisualStudioVersion = 10.0.40219.1
Project("{9A19103F-16F7-4668-BE54-9A1E7A4F7556}") = "hqxSharp", "hqxSharp\hqxSharp.csproj", "{C87AF99C-6CF6-4F89-8E9F-4B071BF53753}"
EndProject
Project("{9A19103F-16F7-4668-BE54-9A1E7A4F7556}") = "HqxSharpTest", "HqxSharpTest\HqxSharpTest.csproj", "{EDAA07F5-B120-47E9-8CDA-7B46CC80B7ED}"
EndProject
Project("{9A19103F-16F7-4668-BE54-9A1E7A4F7556}") = "HqxTerser", "HqxTerser\HqxTerser.csproj", "{80B77F90-E194-4C57-BCA4-1E85B3F734F7}"
EndProject
Project("{FAE04EC0-301F-11D3-BF4B-00C04F79EFBC}") = "HqxTerser", "HqxTerser\HqxTerser.csproj", "{80B77F90-E194-4C57-BCA4-1E85B3F734F7}"
EndProject
Global
	GlobalSection(SolutionConfigurationPlatforms) = preSolution
		Debug|Any CPU = Debug|Any CPU
		Release|Any CPU = Release|Any CPU
	EndGlobalSection
	GlobalSection(ProjectConfigurationPlatforms) = postSolution
		{C87AF99C-6CF6-4F89-8E9F-4B071BF53753}.Debug|Any CPU.ActiveCfg = Debug|Any CPU
		{C87AF99C-6CF6-4F89-8E9F-4B071BF53753}.Debug|Any CPU.Build.0 = Debug|Any CPU
		{C87AF99C-6CF6-4F89-8E9F-4B071BF53753}.Release|Any CPU.ActiveCfg = Release|Any CPU
		{C87AF99C-6CF6-4F89-8E9F-4B071BF53753}.Release|Any CPU.Build.0 = Release|Any CPU
		{EDAA07F5-B120-47E9-8CDA-7B46CC80B7ED}.Debug|Any CPU.ActiveCfg = Debug|Any CPU
		{EDAA07F5-B120-47E9-8CDA-7B46CC80B7ED}.Debug|Any CPU.Build.0 = Debug|Any CPU
		{EDAA07F5-B120-47E9-8CDA-7B46CC80B7ED}.Release|Any CPU.ActiveCfg = Release|Any CPU
		{EDAA07F5-B120-47E9-8CDA-7B46CC80B7ED}.Release|Any CPU.Build.0 = Release|Any CPU
		{80B77F90-E194-4C57-BCA4-1E85B3F734F7}.Debug|Any CPU.ActiveCfg = Debug|Any CPU
		{80B77F90-E194-4C57-BCA4-1E85B3F734F7}.Debug|Any CPU.Build.0 = Debug|Any CPU
		{80B77F90-E194-4C57-BCA4-1E85B3F734F7}.Release|Any CPU.ActiveCfg = Release|Any CPU
		{80B77F90-E194-4C57-BCA4-1E85B3F734F7}.Release|Any CPU.Build.0 = Release|Any CPU
		{5522FBC3-0C28-482D-9A1F-20E22BFD271C}.Debug|Any CPU.ActiveCfg = Debug|Any CPU
		{5522FBC3-0C28-482D-9A1F-20E22BFD271C}.Debug|Any CPU.Build.0 = Debug|Any CPU
		{5522FBC3-0C28-482D-9A1F-20E22BFD271C}.Release|Any CPU.ActiveCfg = Release|Any CPU
		{5522FBC3-0C28-482D-9A1F-20E22BFD271C}.Release|Any CPU.Build.0 = Release|Any CPU
	EndGlobalSection
	GlobalSection(SolutionProperties) = preSolution
		HideSolutionNode = FALSE
	EndGlobalSection
	GlobalSection(ExtensibilityGlobals) = postSolution
		SolutionGuid = {9D1173DF-90C2-4B46-9EA5-F7BF31071C58}
	EndGlobalSection
EndGlobal
